
Microsoft Visual Studio Solution File, Format Version 12.00
# Visual Studio Version 17
VisualStudioVersion = 17.14.36221.1 d17.14
MinimumVisualStudioVersion = 10.0.40219.1
Project("{FAE04EC0-301F-11D3-BF4B-00C04F79EFBC}") = "ImAged", "ImAged\ImAged.csproj", "{16B5CE67-BE93-4121-B616-4904DD0342E7}"
EndProject
Global
	GlobalSection(SolutionConfigurationPlatforms) = preSolution
		Debug|Any CPU = Debug|Any CPU
		Release|Any CPU = Release|Any CPU
	EndGlobalSection
	GlobalSection(ProjectConfigurationPlatforms) = postSolution
		{16B5CE67-BE93-4121-B616-4904DD0342E7}.Debug|Any CPU.ActiveCfg = Debug|Any CPU
		{16B5CE67-BE93-4121-B616-4904DD0342E7}.Debug|Any CPU.Build.0 = Debug|Any CPU
		{16B5CE67-BE93-4121-B616-4904DD0342E7}.Release|Any CPU.ActiveCfg = Release|Any CPU
		{16B5CE67-BE93-4121-B616-4904DD0342E7}.Release|Any CPU.Build.0 = Release|Any CPU
	EndGlobalSection
	GlobalSection(SolutionProperties) = preSolution
		HideSolutionNode = FALSE
	EndGlobalSection
	GlobalSection(ExtensibilityGlobals) = postSolution
		SolutionGuid = {D9E4EBCF-556D-4A67-97B0-FEF73A0EADE8}
	EndGlobalSection
EndGlobal
